
Microsoft Visual Studio Solution File, Format Version 12.00
# Visual Studio 2013
VisualStudioVersion = 12.0.40629.0
MinimumVisualStudioVersion = 10.0.40219.1
Project("{8BC9CEB8-8B4A-11D0-8D11-00A0C91BC942}") = "print_device_info", "tools\tools.vcxproj", "{35EDC4A3-667C-41B0-BDEA-4510836C2B24}"
EndProject
Project("{8BC9CEB8-8B4A-11D0-8D11-00A0C91BC942}") = "ecuda", "include\ecuda\ecuda.vcxproj", "{8FD7C570-9ACC-437C-B1A3-CB2AE930B6B4}"
EndProject
Global
	GlobalSection(SolutionConfigurationPlatforms) = preSolution
		Debug|Win32 = Debug|Win32
		Debug|x64 = Debug|x64
		Release|Win32 = Release|Win32
		Release|x64 = Release|x64
	EndGlobalSection
	GlobalSection(ProjectConfigurationPlatforms) = postSolution
		{35EDC4A3-667C-41B0-BDEA-4510836C2B24}.Debug|Win32.ActiveCfg = Debug|Win32
		{35EDC4A3-667C-41B0-BDEA-4510836C2B24}.Debug|Win32.Build.0 = Debug|Win32
		{35EDC4A3-667C-41B0-BDEA-4510836C2B24}.Debug|x64.ActiveCfg = Debug|x64
		{35EDC4A3-667C-41B0-BDEA-4510836C2B24}.Debug|x64.Build.0 = Debug|x64
		{35EDC4A3-667C-41B0-BDEA-4510836C2B24}.Release|Win32.ActiveCfg = Release|Win32
		{35EDC4A3-667C-41B0-BDEA-4510836C2B24}.Release|Win32.Build.0 = Release|Win32
		{35EDC4A3-667C-41B0-BDEA-4510836C2B24}.Release|x64.ActiveCfg = Release|x64
		{35EDC4A3-667C-41B0-BDEA-4510836C2B24}.Release|x64.Build.0 = Release|x64
		{8FD7C570-9ACC-437C-B1A3-CB2AE930B6B4}.Debug|Win32.ActiveCfg = Debug|Win32
		{8FD7C570-9ACC-437C-B1A3-CB2AE930B6B4}.Debug|Win32.Build.0 = Debug|Win32
		{8FD7C570-9ACC-437C-B1A3-CB2AE930B6B4}.Debug|x64.ActiveCfg = Debug|Win32
		{8FD7C570-9ACC-437C-B1A3-CB2AE930B6B4}.Release|Win32.ActiveCfg = Release|Win32
		{8FD7C570-9ACC-437C-B1A3-CB2AE930B6B4}.Release|Win32.Build.0 = Release|Win32
		{8FD7C570-9ACC-437C-B1A3-CB2AE930B6B4}.Release|x64.ActiveCfg = Release|Win32
	EndGlobalSection
	GlobalSection(SolutionProperties) = preSolution
		HideSolutionNode = FALSE
	EndGlobalSection
EndGlobal
