<?xml version="1.0" encoding="utf-8"?>
<Project ToolsVersion="4.0" xmlns="http://schemas.microsoft.com/developer/msbuild/2003">
  <ItemGroup>
    <Filter Include="Source Files">
      <UniqueIdentifier>{4FC737F1-C7A5-4376-A066-2A32D752A2FF}</UniqueIdentifier>
      <Extensions>cpp;c;cc;cxx;def;odl;idl;hpj;bat;asm;asmx</Extensions>
    </Filter>
    <Filter Include="Header Files">
      <UniqueIdentifier>{93995380-89BD-4b04-88EB-625FBE52EBFB}</UniqueIdentifier>
      <Extensions>h;hh;hpp;hxx;hm;inl;inc;xsd</Extensions>
    </Filter>
    <Filter Include="Resource Files">
      <UniqueIdentifier>{67DA6AB6-F800-4c08-8B7A-83BB121AAD01}</UniqueIdentifier>
      <Extensions>rc;ico;cur;bmp;dlg;rc2;rct;bin;rgs;gif;jpg;jpeg;jpe;resx;tiff;tif;png;wav;mfcribbon-ms</Extensions>
    </Filter>
  </ItemGroup>
  <ItemGroup>
    <ClInclude Include="algorithm.hpp">
      <Filter>Header Files</Filter>
    </ClInclude>
    <ClInclude Include="allocators.hpp">
      <Filter>Header Files</Filter>
    </ClInclude>
    <ClInclude Include="apiwrappers.hpp">
      <Filter>Header Files</Filter>
    </ClInclude>
    <ClInclude Include="array.hpp">
      <Filter>Header Files</Filter>
    </ClInclude>
    <ClInclude Include="config.hpp">
      <Filter>Header Files</Filter>
    </ClInclude>
    <ClInclude Include="cube.hpp">
      <Filter>Header Files</Filter>
    </ClInclude>
    <ClInclude Include="cuda_error.hpp">
      <Filter>Header Files</Filter>
    </ClInclude>
    <ClInclude Include="device.hpp">
      <Filter>Header Files</Filter>
    </ClInclude>
    <ClInclude Include="ecuda.hpp">
      <Filter>Header Files</Filter>
    </ClInclude>
    <ClInclude Include="event.hpp">
      <Filter>Header Files</Filter>
    </ClInclude>
    <ClInclude Include="global.hpp">
      <Filter>Header Files</Filter>
    </ClInclude>
    <ClInclude Include="iterator.hpp">
      <Filter>Header Files</Filter>
    </ClInclude>
    <ClInclude Include="matrix.hpp">
      <Filter>Header Files</Filter>
    </ClInclude>
    <ClInclude Include="memory.hpp">
      <Filter>Header Files</Filter>
    </ClInclude>
    <ClInclude Include="numeric.hpp">
      <Filter>Header Files</Filter>
    </ClInclude>
    <ClInclude Include="padded_ptr.hpp">
      <Filter>Header Files</Filter>
    </ClInclude>
    <ClInclude Include="striding_ptr.hpp">
      <Filter>Header Files</Filter>
    </ClInclude>
    <ClInclude Include="type_traits.hpp">
      <Filter>Header Files</Filter>
    </ClInclude>
    <ClInclude Include="utility.hpp">
      <Filter>Header Files</Filter>
    </ClInclude>
    <ClInclude Include="vector.hpp">
      <Filter>Header Files</Filter>
    </ClInclude>
    <ClInclude Include="algo\copy.hpp">
      <Filter>Header Files</Filter>
    </ClInclude>
    <ClInclude Include="algo\count.hpp">
      <Filter>Header Files</Filter>
    </ClInclude>
    <ClInclude Include="algo\count_if.hpp">
      <Filter>Header Files</Filter>
    </ClInclude>
    <ClInclude Include="algo\equal.hpp">
      <Filter>Header Files</Filter>
    </ClInclude>
    <ClInclude Include="algo\fill.hpp">
      <Filter>Header Files</Filter>
    </ClInclude>
    <ClInclude Include="algo\find.hpp">
      <Filter>Header Files</Filter>
    </ClInclude>
    <ClInclude Include="algo\find_if.hpp">
      <Filter>Header Files</Filter>
    </ClInclude>
    <ClInclude Include="algo\find_if_not.hpp">
      <Filter>Header Files</Filter>
    </ClInclude>
    <ClInclude Include="algo\for_each.hpp">
      <Filter>Header Files</Filter>
    </ClInclude>
    <ClInclude Include="algo\lexicographical_compare.hpp">
      <Filter>Header Files</Filter>
    </ClInclude>
    <ClInclude Include="algo\max_element.hpp">
      <Filter>Header Files</Filter>
    </ClInclude>
    <ClInclude Include="algo\mismatch.hpp">
      <Filter>Header Files</Filter>
    </ClInclude>
    <ClInclude Include="algo\reverse.hpp">
      <Filter>Header Files</Filter>
    </ClInclude>
    <ClInclude Include="impl\host_emulation.hpp">
      <Filter>Header Files</Filter>
    </ClInclude>
    <ClInclude Include="impl\models.hpp">
      <Filter>Header Files</Filter>
    </ClInclude>
    <ClInclude Include="ptr\common.hpp">
      <Filter>Header Files</Filter>
    </ClInclude>
    <ClInclude Include="ptr\padded_ptr.hpp">
      <Filter>Header Files</Filter>
    </ClInclude>
    <ClInclude Include="ptr\shared_ptr.hpp">
      <Filter>Header Files</Filter>
    </ClInclude>
    <ClInclude Include="ptr\striding_padded_ptr.hpp">
      <Filter>Header Files</Filter>
    </ClInclude>
    <ClInclude Include="ptr\striding_ptr.hpp">
      <Filter>Header Files</Filter>
    </ClInclude>
    <ClInclude Include="ptr\unique_ptr.hpp">
      <Filter>Header Files</Filter>
    </ClInclude>
  </ItemGroup>
</Project>